
Microsoft Visual Studio Solution File, Format Version 12.00
# Visual Studio 15
VisualStudioVersion = 15.0.26730.12
MinimumVisualStudioVersion = 10.0.40219.1
Project("{FAE04EC0-301F-11D3-BF4B-00C04F79EFBC}") = "Gevlee.Clinet.Core", "Gevlee.Clinet.Core\Gevlee.Clinet.Core.csproj", "{2ECE8365-10C4-4D80-B3B1-4EC4C391E3B9}"
EndProject
Project("{FAE04EC0-301F-11D3-BF4B-00C04F79EFBC}") = "Gevlee.Clinet.Core.Tests", "Gevlee.Clinet.Core.Tests\Gevlee.Clinet.Core.Tests.csproj", "{CBCF8809-66F2-426D-A4FB-4F90E771759D}"
EndProject
Global
	GlobalSection(SolutionConfigurationPlatforms) = preSolution
		Debug|Any CPU = Debug|Any CPU
		Release|Any CPU = Release|Any CPU
	EndGlobalSection
	GlobalSection(ProjectConfigurationPlatforms) = postSolution
		{2ECE8365-10C4-4D80-B3B1-4EC4C391E3B9}.Debug|Any CPU.ActiveCfg = Debug|Any CPU
		{2ECE8365-10C4-4D80-B3B1-4EC4C391E3B9}.Debug|Any CPU.Build.0 = Debug|Any CPU
		{2ECE8365-10C4-4D80-B3B1-4EC4C391E3B9}.Release|Any CPU.ActiveCfg = Release|Any CPU
		{2ECE8365-10C4-4D80-B3B1-4EC4C391E3B9}.Release|Any CPU.Build.0 = Release|Any CPU
		{CBCF8809-66F2-426D-A4FB-4F90E771759D}.Debug|Any CPU.ActiveCfg = Debug|Any CPU
		{CBCF8809-66F2-426D-A4FB-4F90E771759D}.Debug|Any CPU.Build.0 = Debug|Any CPU
		{CBCF8809-66F2-426D-A4FB-4F90E771759D}.Release|Any CPU.ActiveCfg = Release|Any CPU
		{CBCF8809-66F2-426D-A4FB-4F90E771759D}.Release|Any CPU.Build.0 = Release|Any CPU
	EndGlobalSection
	GlobalSection(SolutionProperties) = preSolution
		HideSolutionNode = FALSE
	EndGlobalSection
	GlobalSection(ExtensibilityGlobals) = postSolution
		SolutionGuid = {F04FEE86-217D-4355-BF75-5296DFCE551D}
	EndGlobalSection
EndGlobal
